
Microsoft Visual Studio Solution File, Format Version 12.00
# Visual Studio Version 17
VisualStudioVersion = 17.6.33829.357
MinimumVisualStudioVersion = 10.0.40219.1
Project("{FAE04EC0-301F-11D3-BF4B-00C04F79EFBC}") = "OOP17", "OOP17\OOP17.csproj", "{35043703-5648-43F2-A464-FEF4B6C9735C}"
EndProject
Global
	GlobalSection(SolutionConfigurationPlatforms) = preSolution
		Debug|Any CPU = Debug|Any CPU
		Release|Any CPU = Release|Any CPU
	EndGlobalSection
	GlobalSection(ProjectConfigurationPlatforms) = postSolution
		{35043703-5648-43F2-A464-FEF4B6C9735C}.Debug|Any CPU.ActiveCfg = Debug|Any CPU
		{35043703-5648-43F2-A464-FEF4B6C9735C}.Debug|Any CPU.Build.0 = Debug|Any CPU
		{35043703-5648-43F2-A464-FEF4B6C9735C}.Release|Any CPU.ActiveCfg = Release|Any CPU
		{35043703-5648-43F2-A464-FEF4B6C9735C}.Release|Any CPU.Build.0 = Release|Any CPU
	EndGlobalSection
	GlobalSection(SolutionProperties) = preSolution
		HideSolutionNode = FALSE
	EndGlobalSection
	GlobalSection(ExtensibilityGlobals) = postSolution
		SolutionGuid = {C61C776A-3542-467E-9515-E716428002F6}
	EndGlobalSection
EndGlobal
